
Microsoft Visual Studio Solution File, Format Version 12.00
# Visual Studio Version 17
VisualStudioVersion = 17.7.34202.233
MinimumVisualStudioVersion = 10.0.40219.1
Project("{9A19103F-16F7-4668-BE54-9A1E7A4F7556}") = "VezeetaDemo", "VezeetaDemo.csproj", "{6883805B-D661-4DF8-9540-1FEBF5989543}"
EndProject
Project("{FAE04EC0-301F-11D3-BF4B-00C04F79EFBC}") = "DomainLayer", "DomainLayer\DomainLayer.csproj", "{C0228F8E-4598-4AC3-B630-8B6980D7C697}"
EndProject
Project("{FAE04EC0-301F-11D3-BF4B-00C04F79EFBC}") = "RepositoryLayer", "RepositoryLayer\RepositoryLayer.csproj", "{B717F216-C713-46C5-9DA1-B8AE8EE4A463}"
EndProject
Project("{FAE04EC0-301F-11D3-BF4B-00C04F79EFBC}") = "ServiceLayer", "ServiceLayer\ServiceLayer.csproj", "{22EF9575-C864-4321-9E8D-6A29694A4A3C}"
EndProject
Global
	GlobalSection(SolutionConfigurationPlatforms) = preSolution
		Debug|Any CPU = Debug|Any CPU
		Release|Any CPU = Release|Any CPU
	EndGlobalSection
	GlobalSection(ProjectConfigurationPlatforms) = postSolution
		{6883805B-D661-4DF8-9540-1FEBF5989543}.Debug|Any CPU.ActiveCfg = Debug|Any CPU
		{6883805B-D661-4DF8-9540-1FEBF5989543}.Debug|Any CPU.Build.0 = Debug|Any CPU
		{6883805B-D661-4DF8-9540-1FEBF5989543}.Release|Any CPU.ActiveCfg = Release|Any CPU
		{6883805B-D661-4DF8-9540-1FEBF5989543}.Release|Any CPU.Build.0 = Release|Any CPU
		{C0228F8E-4598-4AC3-B630-8B6980D7C697}.Debug|Any CPU.ActiveCfg = Debug|Any CPU
		{C0228F8E-4598-4AC3-B630-8B6980D7C697}.Debug|Any CPU.Build.0 = Debug|Any CPU
		{C0228F8E-4598-4AC3-B630-8B6980D7C697}.Release|Any CPU.ActiveCfg = Release|Any CPU
		{C0228F8E-4598-4AC3-B630-8B6980D7C697}.Release|Any CPU.Build.0 = Release|Any CPU
		{B717F216-C713-46C5-9DA1-B8AE8EE4A463}.Debug|Any CPU.ActiveCfg = Debug|Any CPU
		{B717F216-C713-46C5-9DA1-B8AE8EE4A463}.Debug|Any CPU.Build.0 = Debug|Any CPU
		{B717F216-C713-46C5-9DA1-B8AE8EE4A463}.Release|Any CPU.ActiveCfg = Release|Any CPU
		{B717F216-C713-46C5-9DA1-B8AE8EE4A463}.Release|Any CPU.Build.0 = Release|Any CPU
		{22EF9575-C864-4321-9E8D-6A29694A4A3C}.Debug|Any CPU.ActiveCfg = Debug|Any CPU
		{22EF9575-C864-4321-9E8D-6A29694A4A3C}.Debug|Any CPU.Build.0 = Debug|Any CPU
		{22EF9575-C864-4321-9E8D-6A29694A4A3C}.Release|Any CPU.ActiveCfg = Release|Any CPU
		{22EF9575-C864-4321-9E8D-6A29694A4A3C}.Release|Any CPU.Build.0 = Release|Any CPU
	EndGlobalSection
	GlobalSection(SolutionProperties) = preSolution
		HideSolutionNode = FALSE
	EndGlobalSection
	GlobalSection(ExtensibilityGlobals) = postSolution
		SolutionGuid = {15BFD26F-EC48-4F06-B9B6-5AC18A1DE334}
	EndGlobalSection
EndGlobal
